
Microsoft Visual Studio Solution File, Format Version 12.00
# Visual Studio Version 17
VisualStudioVersion = 17.11.35327.3
MinimumVisualStudioVersion = 10.0.40219.1
Project("{FAE04EC0-301F-11D3-BF4B-00C04F79EFBC}") = "Day5EF", "Day5EF\Day5EF.csproj", "{30CF6988-23B8-4087-AB8E-1B23E65DDE19}"
EndProject
Global
	GlobalSection(SolutionConfigurationPlatforms) = preSolution
		Debug|Any CPU = Debug|Any CPU
		Release|Any CPU = Release|Any CPU
	EndGlobalSection
	GlobalSection(ProjectConfigurationPlatforms) = postSolution
		{30CF6988-23B8-4087-AB8E-1B23E65DDE19}.Debug|Any CPU.ActiveCfg = Debug|Any CPU
		{30CF6988-23B8-4087-AB8E-1B23E65DDE19}.Debug|Any CPU.Build.0 = Debug|Any CPU
		{30CF6988-23B8-4087-AB8E-1B23E65DDE19}.Release|Any CPU.ActiveCfg = Release|Any CPU
		{30CF6988-23B8-4087-AB8E-1B23E65DDE19}.Release|Any CPU.Build.0 = Release|Any CPU
	EndGlobalSection
	GlobalSection(SolutionProperties) = preSolution
		HideSolutionNode = FALSE
	EndGlobalSection
	GlobalSection(ExtensibilityGlobals) = postSolution
		SolutionGuid = {A6189C0E-9C37-4149-8542-76E17767767A}
	EndGlobalSection
EndGlobal
